{
    "version": 3,
    "terraform_version": "0.9.2",
    "serial": 4,
    "lineage": "8dcbc1dd-5223-4f2c-b31f-f78689a565c7",
    "modules": [
        {
            "path": [
                "root"
            ],
            "outputs": {},
            "resources": {
                "aws_api_gateway_account.cloudwatch": {
                    "type": "aws_api_gateway_account",
                    "depends_on": [
                        "aws_iam_role.cloudwatch"
                    ],
                    "primary": {
                        "id": "api-gateway-account",
                        "attributes": {
                            "cloudwatch_role_arn": "arn:aws:iam::227158394798:role/mdn_io_gateway_cloudwatch",
                            "id": "api-gateway-account",
                            "throttle_settings.#": "1",
                            "throttle_settings.0.burst_limit": "2000",
                            "throttle_settings.0.rate_limit": "1000"
                        },
                        "meta": {},
                        "tainted": false
                    },
                    "deposed": [],
                    "provider": ""
                },
                "aws_api_gateway_integration.mdn_io_proxy": {
                    "type": "aws_api_gateway_integration",
                    "depends_on": [
                        "aws_api_gateway_method.mdn_io_proxy_method",
                        "aws_api_gateway_resource.mdn_io_proxy",
                        "aws_api_gateway_rest_api.mdn_io",
                        "aws_lambda_function.mdn_io_lambda"
                    ],
                    "primary": {
                        "id": "agi-pi2nj4n7dk-iltwhf-GET",
                        "attributes": {
                            "content_handling": "",
                            "credentials": "",
                            "http_method": "GET",
                            "id": "agi-pi2nj4n7dk-iltwhf-GET",
                            "integration_http_method": "POST",
                            "passthrough_behavior": "WHEN_NO_MATCH",
                            "request_parameters.%": "0",
                            "request_templates.%": "0",
                            "resource_id": "iltwhf",
                            "rest_api_id": "pi2nj4n7dk",
                            "type": "AWS_PROXY",
                            "uri": "arn:aws:apigateway:us-east-1:lambda:path/2015-03-31/functions/arn:aws:lambda:us-east-1:227158394798:function:mdn_io/invocations"
                        },
                        "meta": {},
                        "tainted": false
                    },
                    "deposed": [],
                    "provider": ""
                },
                "aws_api_gateway_integration.mdn_io_root": {
                    "type": "aws_api_gateway_integration",
                    "depends_on": [
                        "aws_api_gateway_method.mdn_io_root_method",
                        "aws_api_gateway_rest_api.mdn_io",
                        "aws_api_gateway_rest_api.mdn_io",
                        "aws_lambda_function.mdn_io_lambda"
                    ],
                    "primary": {
                        "id": "agi-pi2nj4n7dk-tv06vg3nih-GET",
                        "attributes": {
                            "http_method": "GET",
                            "id": "agi-pi2nj4n7dk-tv06vg3nih-GET",
                            "integration_http_method": "POST",
                            "resource_id": "tv06vg3nih",
                            "rest_api_id": "pi2nj4n7dk",
                            "type": "AWS_PROXY",
                            "uri": "arn:aws:apigateway:us-east-1:lambda:path/2015-03-31/functions/arn:aws:lambda:us-east-1:227158394798:function:mdn_io/invocations"
                        },
                        "meta": {},
                        "tainted": false
                    },
                    "deposed": [],
                    "provider": ""
                },
                "aws_api_gateway_method.mdn_io_proxy_method": {
                    "type": "aws_api_gateway_method",
                    "depends_on": [
                        "aws_api_gateway_resource.mdn_io_proxy",
                        "aws_api_gateway_rest_api.mdn_io"
                    ],
                    "primary": {
                        "id": "agm-pi2nj4n7dk-iltwhf-GET",
                        "attributes": {
                            "api_key_required": "false",
                            "authorization": "NONE",
                            "authorizer_id": "",
                            "http_method": "GET",
                            "id": "agm-pi2nj4n7dk-iltwhf-GET",
                            "request_models.%": "0",
                            "request_parameters.%": "0",
                            "resource_id": "iltwhf",
                            "rest_api_id": "pi2nj4n7dk"
                        },
                        "meta": {},
                        "tainted": false
                    },
                    "deposed": [],
                    "provider": ""
                },
                "aws_api_gateway_method.mdn_io_root_method": {
                    "type": "aws_api_gateway_method",
                    "depends_on": [
                        "aws_api_gateway_rest_api.mdn_io",
                        "aws_api_gateway_rest_api.mdn_io"
                    ],
                    "primary": {
                        "id": "agm-pi2nj4n7dk-tv06vg3nih-GET",
                        "attributes": {
                            "api_key_required": "false",
                            "authorization": "NONE",
                            "http_method": "GET",
                            "id": "agm-pi2nj4n7dk-tv06vg3nih-GET",
                            "resource_id": "tv06vg3nih",
                            "rest_api_id": "pi2nj4n7dk"
                        },
                        "meta": {},
                        "tainted": false
                    },
                    "deposed": [],
                    "provider": ""
                },
                "aws_api_gateway_resource.mdn_io_proxy": {
                    "type": "aws_api_gateway_resource",
                    "depends_on": [
                        "aws_api_gateway_rest_api.mdn_io",
                        "aws_api_gateway_rest_api.mdn_io"
                    ],
                    "primary": {
                        "id": "iltwhf",
                        "attributes": {
                            "id": "iltwhf",
                            "parent_id": "tv06vg3nih",
                            "path": "/{proxy+}",
                            "path_part": "{proxy+}",
                            "rest_api_id": "pi2nj4n7dk"
                        },
                        "meta": {},
                        "tainted": false
                    },
                    "deposed": [],
                    "provider": ""
                },
                "aws_api_gateway_rest_api.mdn_io": {
                    "type": "aws_api_gateway_rest_api",
                    "depends_on": [],
                    "primary": {
                        "id": "pi2nj4n7dk",
                        "attributes": {
                            "binary_media_types.#": "0",
                            "created_date": "2017-04-04T22:11:53Z",
                            "description": "",
                            "id": "pi2nj4n7dk",
                            "name": "mdn_io",
                            "root_resource_id": "tv06vg3nih"
                        },
                        "meta": {},
                        "tainted": false
                    },
                    "deposed": [],
                    "provider": ""
                },
                "aws_iam_role.cloudwatch": {
                    "type": "aws_iam_role",
                    "depends_on": [],
                    "primary": {
                        "id": "mdn_io_gateway_cloudwatch",
                        "attributes": {
                            "arn": "arn:aws:iam::227158394798:role/mdn_io_gateway_cloudwatch",
                            "assume_role_policy": "{\"Version\":\"2012-10-17\",\"Statement\":[{\"Sid\":\"\",\"Effect\":\"Allow\",\"Principal\":{\"Service\":\"apigateway.amazonaws.com\"},\"Action\":\"sts:AssumeRole\"}]}",
                            "create_date": "2017-04-04T22:08:44Z",
                            "id": "mdn_io_gateway_cloudwatch",
                            "name": "mdn_io_gateway_cloudwatch",
                            "path": "/",
                            "unique_id": "AROAJO42MXEPFN6OWK44S"
                        },
                        "meta": {},
                        "tainted": false
                    },
                    "deposed": [],
                    "provider": ""
                },
                "aws_iam_role.mdn_io_lambda_iam": {
                    "type": "aws_iam_role",
                    "depends_on": [],
                    "primary": {
                        "id": "mdn_io_lambda_iam",
                        "attributes": {
                            "arn": "arn:aws:iam::227158394798:role/mdn_io_lambda_iam",
                            "assume_role_policy": "{\"Version\":\"2012-10-17\",\"Statement\":[{\"Sid\":\"\",\"Effect\":\"Allow\",\"Principal\":{\"Service\":\"lambda.amazonaws.com\"},\"Action\":\"sts:AssumeRole\"}]}",
                            "create_date": "2017-04-04T22:08:44Z",
                            "id": "mdn_io_lambda_iam",
                            "name": "mdn_io_lambda_iam",
                            "path": "/",
                            "unique_id": "AROAIQ5UVKWME2MGCZKM2"
                        },
                        "meta": {},
                        "tainted": false
                    },
                    "deposed": [],
                    "provider": ""
                },
                "aws_iam_role_policy.cloudwatch": {
                    "type": "aws_iam_role_policy",
                    "depends_on": [
                        "aws_iam_role.cloudwatch"
                    ],
                    "primary": {
                        "id": "mdn_io_gateway_cloudwatch:default",
                        "attributes": {
                            "id": "mdn_io_gateway_cloudwatch:default",
                            "name": "default",
                            "policy": "{\n    \"Version\": \"2012-10-17\",\n    \"Statement\": [\n        {\n            \"Effect\": \"Allow\",\n            \"Action\": [\n                \"logs:CreateLogGroup\",\n                \"logs:CreateLogStream\",\n                \"logs:DescribeLogGroups\",\n                \"logs:DescribeLogStreams\",\n                \"logs:PutLogEvents\",\n                \"logs:GetLogEvents\",\n                \"logs:FilterLogEvents\"\n            ],\n            \"Resource\": \"*\"\n        }\n    ]\n}\n",
                            "role": "mdn_io_gateway_cloudwatch"
                        },
                        "meta": {},
                        "tainted": false
                    },
                    "deposed": [],
                    "provider": ""
                },
                "aws_iam_role_policy.mdn_io_iam_policy": {
                    "type": "aws_iam_role_policy",
                    "depends_on": [
                        "aws_iam_role.mdn_io_lambda_iam"
                    ],
                    "primary": {
                        "id": "mdn_io_lambda_iam:mdn_io_iam_policy",
                        "attributes": {
                            "id": "mdn_io_lambda_iam:mdn_io_iam_policy",
                            "name": "mdn_io_iam_policy",
                            "policy": "{\n  \"Version\": \"2012-10-17\",\n  \"Statement\": [\n    {\n      \"Action\": [\n        \"logs:CreateLogGroup\",\n        \"logs:CreateLogStream\",\n        \"logs:PutLogEvents\"\n      ],\n      \"Effect\": \"Allow\",\n      \"Resource\": \"arn:aws:logs:*:*:*\"\n    }\n  ]\n}\n",
                            "role": "mdn_io_lambda_iam"
                        },
                        "meta": {},
                        "tainted": false
                    },
                    "deposed": [],
                    "provider": ""
                },
                "aws_lambda_function.mdn_io_lambda": {
                    "type": "aws_lambda_function",
                    "depends_on": [
                        "aws_iam_role.mdn_io_lambda_iam"
                    ],
                    "primary": {
                        "id": "mdn_io",
                        "attributes": {
                            "arn": "arn:aws:lambda:us-east-1:227158394798:function:mdn_io",
                            "dead_letter_config.#": "0",
                            "description": "",
                            "environment.#": "1",
                            "environment.0.variables.%": "1",
                            "environment.0.variables.NODE_ENV": "production",
                            "filename": "/Users/blakeembrey/Projects/lazd/mdn.io/terraform/../bundle/bundle.zip",
                            "function_name": "mdn_io",
                            "handler": "lambda.handler",
                            "id": "mdn_io",
                            "kms_key_arn": "",
                            "last_modified": "2017-04-04T22:08:51.890+0000",
                            "memory_size": "128",
                            "publish": "false",
                            "qualified_arn": "arn:aws:lambda:us-east-1:227158394798:function:mdn_io:$LATEST",
                            "role": "arn:aws:iam::227158394798:role/mdn_io_lambda_iam",
                            "runtime": "nodejs6.10",
                            "source_code_hash": "DsdiXs734X8+7xVGR0O+JMIWAatjAG/ILs+jV+Y3i8k=",
                            "timeout": "3",
                            "version": "$LATEST",
                            "vpc_config.#": "0"
                        },
                        "meta": {},
                        "tainted": false
                    },
                    "deposed": [],
                    "provider": ""
                },
                "aws_lambda_permission.mdn_io_lambda_apigw": {
                    "type": "aws_lambda_permission",
                    "depends_on": [
                        "aws_api_gateway_rest_api.mdn_io",
                        "aws_lambda_function.mdn_io_lambda"
                    ],
                    "primary": {
                        "id": "AllowExecutionFromAPIGateway",
                        "attributes": {
                            "action": "lambda:InvokeFunction",
                            "function_name": "arn:aws:lambda:us-east-1:227158394798:function:mdn_io",
                            "id": "AllowExecutionFromAPIGateway",
                            "principal": "apigateway.amazonaws.com",
                            "qualifier": "",
                            "source_arn": "arn:aws:execute-api:us-east-1:227158394798:pi2nj4n7dk/*",
                            "statement_id": "AllowExecutionFromAPIGateway"
                        },
                        "meta": {},
                        "tainted": false
                    },
                    "deposed": [],
                    "provider": ""
                }
            },
            "depends_on": []
        }
    ]
}
